
Microsoft Visual Studio Solution File, Format Version 12.00
# Visual Studio Version 17
VisualStudioVersion = 17.14.36518.9
MinimumVisualStudioVersion = 10.0.40219.1
Project("{2150E333-8FDC-42A3-9474-1A3956D46DE8}") = "Task6", "Task6", "{02EA681E-C7D8-13C7-8484-4AC65E1B71E8}"
EndProject
Project("{FAE04EC0-301F-11D3-BF4B-00C04F79EFBC}") = "Tyuiu.KilikaevRV.Sprint1.Task6.V1.Test", "Tyuiu.KilikaevRV.Sprint1.Task6.V1.Test\Tyuiu.KilikaevRV.Sprint1.Task6.V1.Test.csproj", "{23594B9A-DEBA-4593-93F6-D7A3625C1153}"
EndProject
Project("{FAE04EC0-301F-11D3-BF4B-00C04F79EFBC}") = "Tyuiu.KilikaevRV.Sprint1.Task6.V1", "Tyuiu.KilikaevRV.Sprint1.Task6.V1\Tyuiu.KilikaevRV.Sprint1.Task6.V1.csproj", "{F106618C-00D0-45A8-B1F3-235C11ADBA40}"
EndProject
Project("{FAE04EC0-301F-11D3-BF4B-00C04F79EFBC}") = "Tyuiu.KilikaevRV.Sprint1.Task6.V1.Lib", "Tyuiu.KilikaevRV.Sprint1.Task6.V1.Lib\Tyuiu.KilikaevRV.Sprint1.Task6.V1.Lib.csproj", "{085AE319-52EC-4E45-BEEF-505D2377C88D}"
EndProject
Project("{2150E333-8FDC-42A3-9474-1A3956D46DE8}") = "Task7", "Task7", "{D765B6C7-FD26-4FBC-82F7-E1A42E34E567}"
EndProject
Project("{FAE04EC0-301F-11D3-BF4B-00C04F79EFBC}") = "Tyuiu.KilikaevRV.Sprint1.Task7.V5", "Tyuiu.KilikaevRV.Sprint1.Task7.V5\Tyuiu.KilikaevRV.Sprint1.Task7.V5.csproj", "{43C2924F-0C4D-4B10-B066-B4D365767499}"
EndProject
Project("{FAE04EC0-301F-11D3-BF4B-00C04F79EFBC}") = "Tyuiu.KilikaevRV.Sprint1.Task7.V5.Lib", "Tyuiu.KilikaevRV.Sprint1.Task7.V5.Lib\Tyuiu.KilikaevRV.Sprint1.Task7.V5.Lib.csproj", "{CC6092B6-FB92-46FA-9C00-F1D91B3994E8}"
EndProject
Project("{FAE04EC0-301F-11D3-BF4B-00C04F79EFBC}") = "Tyuiu.KilikaevRV.Sprint1.Task7.V5.Test", "Tyuiu.KilikaevRV.Sprint1.Task7.V5.Test\Tyuiu.KilikaevRV.Sprint1.Task7.V5.Test.csproj", "{C4B5A11B-0E7D-43AB-973D-8191A147CE0E}"
EndProject
Project("{2150E333-8FDC-42A3-9474-1A3956D46DE8}") = "Task5", "Task5", "{A62974A6-6DFD-4792-A06F-BB55162679AD}"
EndProject
Project("{FAE04EC0-301F-11D3-BF4B-00C04F79EFBC}") = "Tyuiu.KilikaevRV.Sprint1.Task5.V4.Lib", "Tyuiu.KilikaevRV.Sprint1.Task5.V4.Lib\Tyuiu.KilikaevRV.Sprint1.Task5.V4.Lib.csproj", "{84621A07-DB0B-4CAA-9C78-E77778A8E2BD}"
EndProject
Project("{FAE04EC0-301F-11D3-BF4B-00C04F79EFBC}") = "Tyuiu.KilikaevRV.Sprint1.Task5.V4.Test", "Tyuiu.KilikaevRV.Sprint1.Task5.V4.Test\Tyuiu.KilikaevRV.Sprint1.Task5.V4.Test.csproj", "{CD02796A-B58E-4BDF-948E-0CCB42710DAE}"
EndProject
Project("{FAE04EC0-301F-11D3-BF4B-00C04F79EFBC}") = "Tyuiu.KilikaevRV.Sprint1.Task5.V4", "Tyuiu.KilikaevRV.Sprint1.Task5.V4\Tyuiu.KilikaevRV.Sprint1.Task5.V4.csproj", "{4ED2977F-420C-4CE6-A8A8-0F1086F6D00C}"
EndProject
Global
	GlobalSection(SolutionConfigurationPlatforms) = preSolution
		Debug|Any CPU = Debug|Any CPU
		Release|Any CPU = Release|Any CPU
	EndGlobalSection
	GlobalSection(ProjectConfigurationPlatforms) = postSolution
		{23594B9A-DEBA-4593-93F6-D7A3625C1153}.Debug|Any CPU.ActiveCfg = Debug|Any CPU
		{23594B9A-DEBA-4593-93F6-D7A3625C1153}.Debug|Any CPU.Build.0 = Debug|Any CPU
		{23594B9A-DEBA-4593-93F6-D7A3625C1153}.Release|Any CPU.ActiveCfg = Release|Any CPU
		{23594B9A-DEBA-4593-93F6-D7A3625C1153}.Release|Any CPU.Build.0 = Release|Any CPU
		{F106618C-00D0-45A8-B1F3-235C11ADBA40}.Debug|Any CPU.ActiveCfg = Debug|Any CPU
		{F106618C-00D0-45A8-B1F3-235C11ADBA40}.Debug|Any CPU.Build.0 = Debug|Any CPU
		{F106618C-00D0-45A8-B1F3-235C11ADBA40}.Release|Any CPU.ActiveCfg = Release|Any CPU
		{F106618C-00D0-45A8-B1F3-235C11ADBA40}.Release|Any CPU.Build.0 = Release|Any CPU
		{085AE319-52EC-4E45-BEEF-505D2377C88D}.Debug|Any CPU.ActiveCfg = Debug|Any CPU
		{085AE319-52EC-4E45-BEEF-505D2377C88D}.Debug|Any CPU.Build.0 = Debug|Any CPU
		{085AE319-52EC-4E45-BEEF-505D2377C88D}.Release|Any CPU.ActiveCfg = Release|Any CPU
		{085AE319-52EC-4E45-BEEF-505D2377C88D}.Release|Any CPU.Build.0 = Release|Any CPU
		{43C2924F-0C4D-4B10-B066-B4D365767499}.Debug|Any CPU.ActiveCfg = Debug|Any CPU
		{43C2924F-0C4D-4B10-B066-B4D365767499}.Debug|Any CPU.Build.0 = Debug|Any CPU
		{43C2924F-0C4D-4B10-B066-B4D365767499}.Release|Any CPU.ActiveCfg = Release|Any CPU
		{43C2924F-0C4D-4B10-B066-B4D365767499}.Release|Any CPU.Build.0 = Release|Any CPU
		{CC6092B6-FB92-46FA-9C00-F1D91B3994E8}.Debug|Any CPU.ActiveCfg = Debug|Any CPU
		{CC6092B6-FB92-46FA-9C00-F1D91B3994E8}.Debug|Any CPU.Build.0 = Debug|Any CPU
		{CC6092B6-FB92-46FA-9C00-F1D91B3994E8}.Release|Any CPU.ActiveCfg = Release|Any CPU
		{CC6092B6-FB92-46FA-9C00-F1D91B3994E8}.Release|Any CPU.Build.0 = Release|Any CPU
		{C4B5A11B-0E7D-43AB-973D-8191A147CE0E}.Debug|Any CPU.ActiveCfg = Debug|Any CPU
		{C4B5A11B-0E7D-43AB-973D-8191A147CE0E}.Debug|Any CPU.Build.0 = Debug|Any CPU
		{C4B5A11B-0E7D-43AB-973D-8191A147CE0E}.Release|Any CPU.ActiveCfg = Release|Any CPU
		{C4B5A11B-0E7D-43AB-973D-8191A147CE0E}.Release|Any CPU.Build.0 = Release|Any CPU
		{84621A07-DB0B-4CAA-9C78-E77778A8E2BD}.Debug|Any CPU.ActiveCfg = Debug|Any CPU
		{84621A07-DB0B-4CAA-9C78-E77778A8E2BD}.Debug|Any CPU.Build.0 = Debug|Any CPU
		{84621A07-DB0B-4CAA-9C78-E77778A8E2BD}.Release|Any CPU.ActiveCfg = Release|Any CPU
		{84621A07-DB0B-4CAA-9C78-E77778A8E2BD}.Release|Any CPU.Build.0 = Release|Any CPU
		{CD02796A-B58E-4BDF-948E-0CCB42710DAE}.Debug|Any CPU.ActiveCfg = Debug|Any CPU
		{CD02796A-B58E-4BDF-948E-0CCB42710DAE}.Debug|Any CPU.Build.0 = Debug|Any CPU
		{CD02796A-B58E-4BDF-948E-0CCB42710DAE}.Release|Any CPU.ActiveCfg = Release|Any CPU
		{CD02796A-B58E-4BDF-948E-0CCB42710DAE}.Release|Any CPU.Build.0 = Release|Any CPU
		{4ED2977F-420C-4CE6-A8A8-0F1086F6D00C}.Debug|Any CPU.ActiveCfg = Debug|Any CPU
		{4ED2977F-420C-4CE6-A8A8-0F1086F6D00C}.Debug|Any CPU.Build.0 = Debug|Any CPU
		{4ED2977F-420C-4CE6-A8A8-0F1086F6D00C}.Release|Any CPU.ActiveCfg = Release|Any CPU
		{4ED2977F-420C-4CE6-A8A8-0F1086F6D00C}.Release|Any CPU.Build.0 = Release|Any CPU
	EndGlobalSection
	GlobalSection(SolutionProperties) = preSolution
		HideSolutionNode = FALSE
	EndGlobalSection
	GlobalSection(NestedProjects) = preSolution
		{23594B9A-DEBA-4593-93F6-D7A3625C1153} = {02EA681E-C7D8-13C7-8484-4AC65E1B71E8}
		{F106618C-00D0-45A8-B1F3-235C11ADBA40} = {02EA681E-C7D8-13C7-8484-4AC65E1B71E8}
		{085AE319-52EC-4E45-BEEF-505D2377C88D} = {02EA681E-C7D8-13C7-8484-4AC65E1B71E8}
		{43C2924F-0C4D-4B10-B066-B4D365767499} = {D765B6C7-FD26-4FBC-82F7-E1A42E34E567}
		{CC6092B6-FB92-46FA-9C00-F1D91B3994E8} = {D765B6C7-FD26-4FBC-82F7-E1A42E34E567}
		{C4B5A11B-0E7D-43AB-973D-8191A147CE0E} = {D765B6C7-FD26-4FBC-82F7-E1A42E34E567}
		{84621A07-DB0B-4CAA-9C78-E77778A8E2BD} = {A62974A6-6DFD-4792-A06F-BB55162679AD}
		{CD02796A-B58E-4BDF-948E-0CCB42710DAE} = {A62974A6-6DFD-4792-A06F-BB55162679AD}
		{4ED2977F-420C-4CE6-A8A8-0F1086F6D00C} = {A62974A6-6DFD-4792-A06F-BB55162679AD}
	EndGlobalSection
	GlobalSection(ExtensibilityGlobals) = postSolution
		SolutionGuid = {2B232088-8822-47BC-AC39-D55737CFAF71}
	EndGlobalSection
EndGlobal
